{
  "requires": true,
  "lockfileVersion": 1,
  "dependencies": {
    "@angular/forms": {
      "version": "9.0.5",
      "resolved": "https://registry.npmjs.org/@angular/forms/-/forms-9.0.5.tgz",
      "integrity": "sha512-579PXAfT92J4mghjWKiZ3Zj3xee4h3RP70YHSlsfbi94MONvryWDrnXxvUZ0zJJCVnEJQ7x+nGEp3wwWqR12Jw=="
    }
  }
}
